// !$*UTF8*$!
{
	archiveVersion = 1;
	classes = {
	};
	objectVersion = 46;
	objects = {

/* Begin PBXBuildFile section */
		A0299C5C1E29840F0021CC7F /* FancyView.swift in Sources */ = {isa = PBXBuildFile; fileRef = A0299C5B1E29840F0021CC7F /* FancyView.swift */; };
		A0299C5F1E29849A0021CC7F /* Constants.swift in Sources */ = {isa = PBXBuildFile; fileRef = A0299C5E1E29849A0021CC7F /* Constants.swift */; };
		A0299C611E2988E20021CC7F /* RoundButton.swift in Sources */ = {isa = PBXBuildFile; fileRef = A0299C601E2988E20021CC7F /* RoundButton.swift */; };
		A0299C631E298C840021CC7F /* FancyField.swift in Sources */ = {isa = PBXBuildFile; fileRef = A0299C621E298C840021CC7F /* FancyField.swift */; };
		A0299C651E298DEC0021CC7F /* FancyButton.swift in Sources */ = {isa = PBXBuildFile; fileRef = A0299C641E298DEC0021CC7F /* FancyButton.swift */; };
		A049EE461E273745001E638F /* AppDelegate.swift in Sources */ = {isa = PBXBuildFile; fileRef = A049EE451E273745001E638F /* AppDelegate.swift */; };
		A049EE481E273745001E638F /* SignInVC.swift in Sources */ = {isa = PBXBuildFile; fileRef = A049EE471E273745001E638F /* SignInVC.swift */; };
		A049EE4B1E273745001E638F /* Main.storyboard in Resources */ = {isa = PBXBuildFile; fileRef = A049EE491E273745001E638F /* Main.storyboard */; };
		A049EE4D1E273745001E638F /* Assets.xcassets in Resources */ = {isa = PBXBuildFile; fileRef = A049EE4C1E273745001E638F /* Assets.xcassets */; };
		A049EE501E273745001E638F /* LaunchScreen.storyboard in Resources */ = {isa = PBXBuildFile; fileRef = A049EE4E1E273745001E638F /* LaunchScreen.storyboard */; };
		A049EE5D1E27639F001E638F /* GoogleService-Info.plist in Resources */ = {isa = PBXBuildFile; fileRef = A049EE5C1E27639F001E638F /* GoogleService-Info.plist */; };
		A05373C61E2C1BBD000860F3 /* CircleView.swift in Sources */ = {isa = PBXBuildFile; fileRef = A05373C51E2C1BBD000860F3 /* CircleView.swift */; };
		A05373C81E2C4F34000860F3 /* PostCell.swift in Sources */ = {isa = PBXBuildFile; fileRef = A05373C71E2C4F34000860F3 /* PostCell.swift */; };
		A05373CB1E2D770C000860F3 /* DataService.swift in Sources */ = {isa = PBXBuildFile; fileRef = A05373CA1E2D770C000860F3 /* DataService.swift */; };
		A0563DC41E2B15F9001ACE02 /* FeedVC.swift in Sources */ = {isa = PBXBuildFile; fileRef = A0563DC31E2B15F9001ACE02 /* FeedVC.swift */; };
		B70B8F20D317E3F19DE106AB /* Pods_manny_social.framework in Frameworks */ = {isa = PBXBuildFile; fileRef = D19AEC646D2141007137FBEE /* Pods_manny_social.framework */; };
/* End PBXBuildFile section */

/* Begin PBXFileReference section */
		518037839B94A3749DCAD79D /* Pods-manny-social.release.xcconfig */ = {isa = PBXFileReference; includeInIndex = 1; lastKnownFileType = text.xcconfig; name = "Pods-manny-social.release.xcconfig"; path = "Pods/Target Support Files/Pods-manny-social/Pods-manny-social.release.xcconfig"; sourceTree = "<group>"; };
		A0299C5B1E29840F0021CC7F /* FancyView.swift */ = {isa = PBXFileReference; fileEncoding = 4; lastKnownFileType = sourcecode.swift; path = FancyView.swift; sourceTree = "<group>"; };
		A0299C5E1E29849A0021CC7F /* Constants.swift */ = {isa = PBXFileReference; fileEncoding = 4; lastKnownFileType = sourcecode.swift; path = Constants.swift; sourceTree = "<group>"; };
		A0299C601E2988E20021CC7F /* RoundButton.swift */ = {isa = PBXFileReference; fileEncoding = 4; lastKnownFileType = sourcecode.swift; path = RoundButton.swift; sourceTree = "<group>"; };
		A0299C621E298C840021CC7F /* FancyField.swift */ = {isa = PBXFileReference; fileEncoding = 4; lastKnownFileType = sourcecode.swift; path = FancyField.swift; sourceTree = "<group>"; };
		A0299C641E298DEC0021CC7F /* FancyButton.swift */ = {isa = PBXFileReference; fileEncoding = 4; lastKnownFileType = sourcecode.swift; path = FancyButton.swift; sourceTree = "<group>"; };
		A049EE421E273745001E638F /* manny-social.app */ = {isa = PBXFileReference; explicitFileType = wrapper.application; includeInIndex = 0; path = "manny-social.app"; sourceTree = BUILT_PRODUCTS_DIR; };
		A049EE451E273745001E638F /* AppDelegate.swift */ = {isa = PBXFileReference; lastKnownFileType = sourcecode.swift; path = AppDelegate.swift; sourceTree = "<group>"; };
		A049EE471E273745001E638F /* SignInVC.swift */ = {isa = PBXFileReference; lastKnownFileType = sourcecode.swift; path = SignInVC.swift; sourceTree = "<group>"; };
		A049EE4A1E273745001E638F /* Base */ = {isa = PBXFileReference; lastKnownFileType = file.storyboard; name = Base; path = Base.lproj/Main.storyboard; sourceTree = "<group>"; };
		A049EE4C1E273745001E638F /* Assets.xcassets */ = {isa = PBXFileReference; lastKnownFileType = folder.assetcatalog; path = Assets.xcassets; sourceTree = "<group>"; };
		A049EE4F1E273745001E638F /* Base */ = {isa = PBXFileReference; lastKnownFileType = file.storyboard; name = Base; path = Base.lproj/LaunchScreen.storyboard; sourceTree = "<group>"; };
		A049EE511E273745001E638F /* Info.plist */ = {isa = PBXFileReference; lastKnownFileType = text.plist.xml; path = Info.plist; sourceTree = "<group>"; };
		A049EE5C1E27639F001E638F /* GoogleService-Info.plist */ = {isa = PBXFileReference; fileEncoding = 4; lastKnownFileType = text.plist.xml; path = "GoogleService-Info.plist"; sourceTree = "<group>"; };
		A05373C51E2C1BBD000860F3 /* CircleView.swift */ = {isa = PBXFileReference; fileEncoding = 4; lastKnownFileType = sourcecode.swift; path = CircleView.swift; sourceTree = "<group>"; };
		A05373C71E2C4F34000860F3 /* PostCell.swift */ = {isa = PBXFileReference; fileEncoding = 4; lastKnownFileType = sourcecode.swift; path = PostCell.swift; sourceTree = "<group>"; };
		A05373CA1E2D770C000860F3 /* DataService.swift */ = {isa = PBXFileReference; fileEncoding = 4; lastKnownFileType = sourcecode.swift; path = DataService.swift; sourceTree = "<group>"; };
		A0563DC31E2B15F9001ACE02 /* FeedVC.swift */ = {isa = PBXFileReference; fileEncoding = 4; lastKnownFileType = sourcecode.swift; path = FeedVC.swift; sourceTree = "<group>"; };
		D19AEC646D2141007137FBEE /* Pods_manny_social.framework */ = {isa = PBXFileReference; explicitFileType = wrapper.framework; includeInIndex = 0; path = Pods_manny_social.framework; sourceTree = BUILT_PRODUCTS_DIR; };
		EAB774A90ABE5CCF61B670E4 /* Pods-manny-social.debug.xcconfig */ = {isa = PBXFileReference; includeInIndex = 1; lastKnownFileType = text.xcconfig; name = "Pods-manny-social.debug.xcconfig"; path = "Pods/Target Support Files/Pods-manny-social/Pods-manny-social.debug.xcconfig"; sourceTree = "<group>"; };
/* End PBXFileReference section */

/* Begin PBXFrameworksBuildPhase section */
		A049EE3F1E273745001E638F /* Frameworks */ = {
			isa = PBXFrameworksBuildPhase;
			buildActionMask = 2147483647;
			files = (
				B70B8F20D317E3F19DE106AB /* Pods_manny_social.framework in Frameworks */,
			);
			runOnlyForDeploymentPostprocessing = 0;
		};
/* End PBXFrameworksBuildPhase section */

/* Begin PBXGroup section */
		0BAAEB9838F0BF81A775F3A3 /* Pods */ = {
			isa = PBXGroup;
			children = (
				EAB774A90ABE5CCF61B670E4 /* Pods-manny-social.debug.xcconfig */,
				518037839B94A3749DCAD79D /* Pods-manny-social.release.xcconfig */,
			);
			name = Pods;
			sourceTree = "<group>";
		};
		935AEFD988A9B07DB3CE1870 /* Frameworks */ = {
			isa = PBXGroup;
			children = (
				D19AEC646D2141007137FBEE /* Pods_manny_social.framework */,
			);
			name = Frameworks;
			sourceTree = "<group>";
		};
		A0299C5D1E2984830021CC7F /* Util */ = {
			isa = PBXGroup;
			children = (
				A0299C5E1E29849A0021CC7F /* Constants.swift */,
			);
			name = Util;
			sourceTree = "<group>";
		};
		A049EE391E273745001E638F = {
			isa = PBXGroup;
			children = (
				A049EE441E273745001E638F /* manny-social */,
				A049EE431E273745001E638F /* Products */,
				0BAAEB9838F0BF81A775F3A3 /* Pods */,
				935AEFD988A9B07DB3CE1870 /* Frameworks */,
			);
			sourceTree = "<group>";
		};
		A049EE431E273745001E638F /* Products */ = {
			isa = PBXGroup;
			children = (
				A049EE421E273745001E638F /* manny-social.app */,
			);
			name = Products;
			sourceTree = "<group>";
		};
		A049EE441E273745001E638F /* manny-social */ = {
			isa = PBXGroup;
			children = (
				A05373C91E2D76F3000860F3 /* Services */,
				A0299C5D1E2984830021CC7F /* Util */,
				A049EE5B1E2761DB001E638F /* Model */,
				A049EE5A1E2761CC001E638F /* View */,
				A049EE591E2761BF001E638F /* Controller */,
				A049EE451E273745001E638F /* AppDelegate.swift */,
				A049EE491E273745001E638F /* Main.storyboard */,
				A049EE4C1E273745001E638F /* Assets.xcassets */,
				A049EE4E1E273745001E638F /* LaunchScreen.storyboard */,
				A049EE5C1E27639F001E638F /* GoogleService-Info.plist */,
				A049EE511E273745001E638F /* Info.plist */,
			);
			path = "manny-social";
			sourceTree = "<group>";
		};
		A049EE591E2761BF001E638F /* Controller */ = {
			isa = PBXGroup;
			children = (
				A049EE471E273745001E638F /* SignInVC.swift */,
				A0563DC31E2B15F9001ACE02 /* FeedVC.swift */,
			);
			name = Controller;
			sourceTree = "<group>";
		};
		A049EE5A1E2761CC001E638F /* View */ = {
			isa = PBXGroup;
			children = (
				A0299C5B1E29840F0021CC7F /* FancyView.swift */,
				A0299C601E2988E20021CC7F /* RoundButton.swift */,
				A0299C621E298C840021CC7F /* FancyField.swift */,
				A0299C641E298DEC0021CC7F /* FancyButton.swift */,
				A05373C51E2C1BBD000860F3 /* CircleView.swift */,
				A05373C71E2C4F34000860F3 /* PostCell.swift */,
			);
			name = View;
			sourceTree = "<group>";
		};
		A049EE5B1E2761DB001E638F /* Model */ = {
			isa = PBXGroup;
			children = (
			);
			name = Model;
			sourceTree = "<group>";
		};
		A05373C91E2D76F3000860F3 /* Services */ = {
			isa = PBXGroup;
			children = (
				A05373CA1E2D770C000860F3 /* DataService.swift */,
			);
			name = Services;
			sourceTree = "<group>";
		};
/* End PBXGroup section */

/* Begin PBXNativeTarget section */
		A049EE411E273745001E638F /* manny-social */ = {
			isa = PBXNativeTarget;
			buildConfigurationList = A049EE541E273745001E638F /* Build configuration list for PBXNativeTarget "manny-social" */;
			buildPhases = (
				8307C06BF535C23A734F467C /* [CP] Check Pods Manifest.lock */,
				A049EE3E1E273745001E638F /* Sources */,
				A049EE3F1E273745001E638F /* Frameworks */,
				A049EE401E273745001E638F /* Resources */,
				7C6D20BB39C79FB8E2EC12E8 /* [CP] Embed Pods Frameworks */,
				1FF1A64E528D83F728F9ED78 /* [CP] Copy Pods Resources */,
			);
			buildRules = (
			);
			dependencies = (
			);
			name = "manny-social";
			productName = "manny-social";
			productReference = A049EE421E273745001E638F /* manny-social.app */;
			productType = "com.apple.product-type.application";
		};
/* End PBXNativeTarget section */

/* Begin PBXProject section */
		A049EE3A1E273745001E638F /* Project object */ = {
			isa = PBXProject;
			attributes = {
				LastSwiftUpdateCheck = 0820;
				LastUpgradeCheck = 0820;
				ORGANIZATIONNAME = "Emmanuel Erilibe";
				TargetAttributes = {
					A049EE411E273745001E638F = {
						CreatedOnToolsVersion = 8.2.1;
						DevelopmentTeam = S45Z8F64BM;
						ProvisioningStyle = Automatic;
					};
				};
			};
			buildConfigurationList = A049EE3D1E273745001E638F /* Build configuration list for PBXProject "manny-social" */;
			compatibilityVersion = "Xcode 3.2";
			developmentRegion = English;
			hasScannedForEncodings = 0;
			knownRegions = (
				en,
				Base,
			);
			mainGroup = A049EE391E273745001E638F;
			productRefGroup = A049EE431E273745001E638F /* Products */;
			projectDirPath = "";
			projectRoot = "";
			targets = (
				A049EE411E273745001E638F /* manny-social */,
			);
		};
/* End PBXProject section */

/* Begin PBXResourcesBuildPhase section */
		A049EE401E273745001E638F /* Resources */ = {
			isa = PBXResourcesBuildPhase;
			buildActionMask = 2147483647;
			files = (
				A049EE501E273745001E638F /* LaunchScreen.storyboard in Resources */,
				A049EE5D1E27639F001E638F /* GoogleService-Info.plist in Resources */,
				A049EE4D1E273745001E638F /* Assets.xcassets in Resources */,
				A049EE4B1E273745001E638F /* Main.storyboard in Resources */,
			);
			runOnlyForDeploymentPostprocessing = 0;
		};
/* End PBXResourcesBuildPhase section */

/* Begin PBXShellScriptBuildPhase section */
		1FF1A64E528D83F728F9ED78 /* [CP] Copy Pods Resources */ = {
			isa = PBXShellScriptBuildPhase;
			buildActionMask = 2147483647;
			files = (
			);
			inputPaths = (
			);
			name = "[CP] Copy Pods Resources";
			outputPaths = (
			);
			runOnlyForDeploymentPostprocessing = 0;
			shellPath = /bin/sh;
			shellScript = "\"${SRCROOT}/Pods/Target Support Files/Pods-manny-social/Pods-manny-social-resources.sh\"\n";
			showEnvVarsInLog = 0;
		};
		7C6D20BB39C79FB8E2EC12E8 /* [CP] Embed Pods Frameworks */ = {
			isa = PBXShellScriptBuildPhase;
			buildActionMask = 2147483647;
			files = (
			);
			inputPaths = (
			);
			name = "[CP] Embed Pods Frameworks";
			outputPaths = (
			);
			runOnlyForDeploymentPostprocessing = 0;
			shellPath = /bin/sh;
			shellScript = "\"${SRCROOT}/Pods/Target Support Files/Pods-manny-social/Pods-manny-social-frameworks.sh\"\n";
			showEnvVarsInLog = 0;
		};
		8307C06BF535C23A734F467C /* [CP] Check Pods Manifest.lock */ = {
			isa = PBXShellScriptBuildPhase;
			buildActionMask = 2147483647;
			files = (
			);
			inputPaths = (
			);
			name = "[CP] Check Pods Manifest.lock";
			outputPaths = (
			);
			runOnlyForDeploymentPostprocessing = 0;
			shellPath = /bin/sh;
			shellScript = "diff \"${PODS_ROOT}/../Podfile.lock\" \"${PODS_ROOT}/Manifest.lock\" > /dev/null\nif [ $? != 0 ] ; then\n    # print error to STDERR\n    echo \"error: The sandbox is not in sync with the Podfile.lock. Run 'pod install' or update your CocoaPods installation.\" >&2\n    exit 1\nfi\n";
			showEnvVarsInLog = 0;
		};
/* End PBXShellScriptBuildPhase section */

/* Begin PBXSourcesBuildPhase section */
		A049EE3E1E273745001E638F /* Sources */ = {
			isa = PBXSourcesBuildPhase;
			buildActionMask = 2147483647;
			files = (
				A05373C61E2C1BBD000860F3 /* CircleView.swift in Sources */,
				A0299C631E298C840021CC7F /* FancyField.swift in Sources */,
				A049EE481E273745001E638F /* SignInVC.swift in Sources */,
				A0299C611E2988E20021CC7F /* RoundButton.swift in Sources */,
				A0299C651E298DEC0021CC7F /* FancyButton.swift in Sources */,
				A05373CB1E2D770C000860F3 /* DataService.swift in Sources */,
				A05373C81E2C4F34000860F3 /* PostCell.swift in Sources */,
				A0563DC41E2B15F9001ACE02 /* FeedVC.swift in Sources */,
				A049EE461E273745001E638F /* AppDelegate.swift in Sources */,
				A0299C5C1E29840F0021CC7F /* FancyView.swift in Sources */,
				A0299C5F1E29849A0021CC7F /* Constants.swift in Sources */,
			);
			runOnlyForDeploymentPostprocessing = 0;
		};
/* End PBXSourcesBuildPhase section */

/* Begin PBXVariantGroup section */
		A049EE491E273745001E638F /* Main.storyboard */ = {
			isa = PBXVariantGroup;
			children = (
				A049EE4A1E273745001E638F /* Base */,
			);
			name = Main.storyboard;
			sourceTree = "<group>";
		};
		A049EE4E1E273745001E638F /* LaunchScreen.storyboard */ = {
			isa = PBXVariantGroup;
			children = (
				A049EE4F1E273745001E638F /* Base */,
			);
			name = LaunchScreen.storyboard;
			sourceTree = "<group>";
		};
/* End PBXVariantGroup section */

/* Begin XCBuildConfiguration section */
		A049EE521E273745001E638F /* Debug */ = {
			isa = XCBuildConfiguration;
			buildSettings = {
				ALWAYS_SEARCH_USER_PATHS = NO;
				CLANG_ANALYZER_NONNULL = YES;
				CLANG_CXX_LANGUAGE_STANDARD = "gnu++0x";
				CLANG_CXX_LIBRARY = "libc++";
				CLANG_ENABLE_MODULES = YES;
				CLANG_ENABLE_OBJC_ARC = YES;
				CLANG_WARN_BOOL_CONVERSION = YES;
				CLANG_WARN_CONSTANT_CONVERSION = YES;
				CLANG_WARN_DIRECT_OBJC_ISA_USAGE = YES_ERROR;
				CLANG_WARN_DOCUMENTATION_COMMENTS = YES;
				CLANG_WARN_EMPTY_BODY = YES;
				CLANG_WARN_ENUM_CONVERSION = YES;
				CLANG_WARN_INFINITE_RECURSION = YES;
				CLANG_WARN_INT_CONVERSION = YES;
				CLANG_WARN_OBJC_ROOT_CLASS = YES_ERROR;
				CLANG_WARN_SUSPICIOUS_MOVE = YES;
				CLANG_WARN_UNREACHABLE_CODE = YES;
				CLANG_WARN__DUPLICATE_METHOD_MATCH = YES;
				"CODE_SIGN_IDENTITY[sdk=iphoneos*]" = "iPhone Developer";
				COPY_PHASE_STRIP = NO;
				DEBUG_INFORMATION_FORMAT = dwarf;
				ENABLE_STRICT_OBJC_MSGSEND = YES;
				ENABLE_TESTABILITY = YES;
				FRAMEWORK_SEARCH_PATHS = "";
				GCC_C_LANGUAGE_STANDARD = gnu99;
				GCC_DYNAMIC_NO_PIC = NO;
				GCC_NO_COMMON_BLOCKS = YES;
				GCC_OPTIMIZATION_LEVEL = 0;
				GCC_PREPROCESSOR_DEFINITIONS = (
					"DEBUG=1",
					"$(inherited)",
				);
				GCC_WARN_64_TO_32_BIT_CONVERSION = YES;
				GCC_WARN_ABOUT_RETURN_TYPE = YES_ERROR;
				GCC_WARN_UNDECLARED_SELECTOR = YES;
				GCC_WARN_UNINITIALIZED_AUTOS = YES_AGGRESSIVE;
				GCC_WARN_UNUSED_FUNCTION = YES;
				GCC_WARN_UNUSED_VARIABLE = YES;
				IPHONEOS_DEPLOYMENT_TARGET = 10.2;
				MTL_ENABLE_DEBUG_INFO = YES;
				ONLY_ACTIVE_ARCH = YES;
				SDKROOT = iphoneos;
				SWIFT_ACTIVE_COMPILATION_CONDITIONS = DEBUG;
				SWIFT_OPTIMIZATION_LEVEL = "-Onone";
			};
			name = Debug;
		};
		A049EE531E273745001E638F /* Release */ = {
			isa = XCBuildConfiguration;
			buildSettings = {
				ALWAYS_SEARCH_USER_PATHS = NO;
				CLANG_ANALYZER_NONNULL = YES;
				CLANG_CXX_LANGUAGE_STANDARD = "gnu++0x";
				CLANG_CXX_LIBRARY = "libc++";
				CLANG_ENABLE_MODULES = YES;
				CLANG_ENABLE_OBJC_ARC = YES;
				CLANG_WARN_BOOL_CONVERSION = YES;
				CLANG_WARN_CONSTANT_CONVERSION = YES;
				CLANG_WARN_DIRECT_OBJC_ISA_USAGE = YES_ERROR;
				CLANG_WARN_DOCUMENTATION_COMMENTS = YES;
				CLANG_WARN_EMPTY_BODY = YES;
				CLANG_WARN_ENUM_CONVERSION = YES;
				CLANG_WARN_INFINITE_RECURSION = YES;
				CLANG_WARN_INT_CONVERSION = YES;
				CLANG_WARN_OBJC_ROOT_CLASS = YES_ERROR;
				CLANG_WARN_SUSPICIOUS_MOVE = YES;
				CLANG_WARN_UNREACHABLE_CODE = YES;
				CLANG_WARN__DUPLICATE_METHOD_MATCH = YES;
				"CODE_SIGN_IDENTITY[sdk=iphoneos*]" = "iPhone Developer";
				COPY_PHASE_STRIP = NO;
				DEBUG_INFORMATION_FORMAT = "dwarf-with-dsym";
				ENABLE_NS_ASSERTIONS = NO;
				ENABLE_STRICT_OBJC_MSGSEND = YES;
				FRAMEWORK_SEARCH_PATHS = "";
				GCC_C_LANGUAGE_STANDARD = gnu99;
				GCC_NO_COMMON_BLOCKS = YES;
				GCC_WARN_64_TO_32_BIT_CONVERSION = YES;
				GCC_WARN_ABOUT_RETURN_TYPE = YES_ERROR;
				GCC_WARN_UNDECLARED_SELECTOR = YES;
				GCC_WARN_UNINITIALIZED_AUTOS = YES_AGGRESSIVE;
				GCC_WARN_UNUSED_FUNCTION = YES;
				GCC_WARN_UNUSED_VARIABLE = YES;
				IPHONEOS_DEPLOYMENT_TARGET = 10.2;
				MTL_ENABLE_DEBUG_INFO = NO;
				SDKROOT = iphoneos;
				SWIFT_OPTIMIZATION_LEVEL = "-Owholemodule";
				VALIDATE_PRODUCT = YES;
			};
			name = Release;
		};
		A049EE551E273745001E638F /* Debug */ = {
			isa = XCBuildConfiguration;
			baseConfigurationReference = EAB774A90ABE5CCF61B670E4 /* Pods-manny-social.debug.xcconfig */;
			buildSettings = {
				ASSETCATALOG_COMPILER_APPICON_NAME = AppIcon;
				DEVELOPMENT_TEAM = S45Z8F64BM;
				FRAMEWORK_SEARCH_PATHS = (
					"$(inherited)",
					"$(PROJECT_DIR)",
				);
				INFOPLIST_FILE = "manny-social/Info.plist";
				LD_RUNPATH_SEARCH_PATHS = "$(inherited) @executable_path/Frameworks";
				PRODUCT_BUNDLE_IDENTIFIER = "com.sledgenail.manny-social";
				PRODUCT_NAME = "$(TARGET_NAME)";
				SWIFT_VERSION = 3.0;
			};
			name = Debug;
		};
		A049EE561E273745001E638F /* Release */ = {
			isa = XCBuildConfiguration;
			baseConfigurationReference = 518037839B94A3749DCAD79D /* Pods-manny-social.release.xcconfig */;
			buildSettings = {
				ASSETCATALOG_COMPILER_APPICON_NAME = AppIcon;
				DEVELOPMENT_TEAM = S45Z8F64BM;
				FRAMEWORK_SEARCH_PATHS = (
					"$(inherited)",
					"$(PROJECT_DIR)",
				);
				INFOPLIST_FILE = "manny-social/Info.plist";
				LD_RUNPATH_SEARCH_PATHS = "$(inherited) @executable_path/Frameworks";
				PRODUCT_BUNDLE_IDENTIFIER = "com.sledgenail.manny-social";
				PRODUCT_NAME = "$(TARGET_NAME)";
				SWIFT_VERSION = 3.0;
			};
			name = Release;
		};
/* End XCBuildConfiguration section */

/* Begin XCConfigurationList section */
		A049EE3D1E273745001E638F /* Build configuration list for PBXProject "manny-social" */ = {
			isa = XCConfigurationList;
			buildConfigurations = (
				A049EE521E273745001E638F /* Debug */,
				A049EE531E273745001E638F /* Release */,
			);
			defaultConfigurationIsVisible = 0;
			defaultConfigurationName = Release;
		};
		A049EE541E273745001E638F /* Build configuration list for PBXNativeTarget "manny-social" */ = {
			isa = XCConfigurationList;
			buildConfigurations = (
				A049EE551E273745001E638F /* Debug */,
				A049EE561E273745001E638F /* Release */,
			);
			defaultConfigurationIsVisible = 0;
			defaultConfigurationName = Release;
		};
/* End XCConfigurationList section */
	};
	rootObject = A049EE3A1E273745001E638F /* Project object */;
}
